
Microsoft Visual Studio Solution File, Format Version 12.00
# Visual Studio 15
Project("{FAE04EC0-301F-11D3-BF4B-00C04F79EFBC}") = "YGOClient", "Assembly-CSharp.csproj", "{1830431F-0C92-FE6F-7421-2A8AA23B281F}"
EndProject
Global
	GlobalSection(SolutionConfigurationPlatforms) = preSolution
		Debug|Any CPU = Debug|Any CPU
		Release|Any CPU = Release|Any CPU
	EndGlobalSection
	GlobalSection(ProjectConfigurationPlatforms) = postSolution
		{1830431F-0C92-FE6F-7421-2A8AA23B281F}.Debug|Any CPU.ActiveCfg = Debug|Any CPU
		{1830431F-0C92-FE6F-7421-2A8AA23B281F}.Debug|Any CPU.Build.0 = Debug|Any CPU
		{1830431F-0C92-FE6F-7421-2A8AA23B281F}.Release|Any CPU.ActiveCfg = Release|Any CPU
		{1830431F-0C92-FE6F-7421-2A8AA23B281F}.Release|Any CPU.Build.0 = Release|Any CPU
	EndGlobalSection
	GlobalSection(SolutionProperties) = preSolution
		HideSolutionNode = FALSE
	EndGlobalSection
EndGlobal
